{
  "name": "seskar",
  "version": "3.13.1-SNAPSHOT",
  "lockfileVersion": 3,
  "requires": true,
  "packages": {
    "": {
      "name": "seskar",
      "version": "3.13.1-SNAPSHOT",
      "workspaces": [
        "packages/seskar-core",
        "packages/seskar-core-test",
        "packages/seskar-react",
        "packages/seskar-react-test",
        "packages_imported/kotlin-test-js-runner/0.0.1"
      ],
      "devDependencies": {}
    },
    "node_modules/format-util": {
      "version": "1.0.5",
      "resolved": "https://registry.npmjs.org/format-util/-/format-util-1.0.5.tgz",
      "integrity": "sha512-varLbTj0e0yVyRpqQhuWV+8hlePAgaoFRhNFj50BNjEIrw1/DphHSObtqwskVCPWNgzwPoQrZAbfa/SBiicNeg==",
      "license": "MIT"
    },
    "node_modules/kotlin-test-js-runner": {
      "resolved": "packages_imported/kotlin-test-js-runner/0.0.1",
      "link": true
    },
    "node_modules/seskar-core": {
      "resolved": "packages/seskar-core",
      "link": true
    },
    "node_modules/seskar-react": {
      "resolved": "packages/seskar-react",
      "link": true
    },
    "packages_imported/kotlin-test-js-runner/0.0.1": {
      "name": "kotlin-test-js-runner",
      "version": "0.0.1",
      "dependencies": {
        "format-util": "^1.0.5"
      },
      "devDependencies": {}
    },
    "packages/seskar-core": {
      "version": "3.13.1-SNAPSHOT",
      "dependencies": {
        "format-util": "^1.0.5"
      },
      "devDependencies": {}
    },
    "packages/seskar-react": {
      "version": "3.13.1-SNAPSHOT",
      "dependencies": {
        "format-util": "^1.0.5"
      },
      "devDependencies": {}
    }
  }
}
