{
  "name": "seskar",
  "version": "4.13.1-SNAPSHOT",
  "lockfileVersion": 3,
  "requires": true,
  "packages": {
    "": {
      "name": "seskar",
      "version": "4.13.1-SNAPSHOT",
      "workspaces": [
        "packages/seskar-core",
        "packages/seskar-core-test"
      ],
      "devDependencies": {}
    },
    "node_modules/seskar-core": {
      "resolved": "packages/seskar-core",
      "link": true
    },
    "packages/seskar-core": {
      "version": "4.13.1-SNAPSHOT",
      "devDependencies": {}
    }
  }
}
