{
  "name": "kotlin-js-union",
  "version": "unspecified",
  "lockfileVersion": 3,
  "requires": true,
  "packages": {
    "": {
      "name": "kotlin-js-union",
      "version": "unspecified",
      "workspaces": [
        "packages/kotlin-js-union",
        "packages/kotlin-js-union-test",
        "packages_imported/kotlin-test-js-runner/0.0.1"
      ],
      "devDependencies": {}
    },
    "node_modules/format-util": {
      "version": "1.0.5",
      "resolved": "https://registry.npmjs.org/format-util/-/format-util-1.0.5.tgz",
      "integrity": "sha512-varLbTj0e0yVyRpqQhuWV+8hlePAgaoFRhNFj50BNjEIrw1/DphHSObtqwskVCPWNgzwPoQrZAbfa/SBiicNeg=="
    },
    "node_modules/kotlin-js-union": {
      "resolved": "packages/kotlin-js-union",
      "link": true
    },
    "node_modules/kotlin-test-js-runner": {
      "resolved": "packages_imported/kotlin-test-js-runner/0.0.1",
      "link": true
    },
    "packages_imported/kotlin-test-js-runner/0.0.1": {
      "name": "kotlin-test-js-runner",
      "version": "0.0.1",
      "dependencies": {
        "format-util": "^1.0.5"
      },
      "devDependencies": {}
    },
    "packages/kotlin-js-union": {
      "version": "0.0.0-unspecified",
      "dependencies": {
        "format-util": "^1.0.5"
      },
      "devDependencies": {}
    }
  }
}
